
Microsoft Visual Studio Solution File, Format Version 12.00
# Visual Studio Version 17
VisualStudioVersion = 17.4.33103.184
MinimumVisualStudioVersion = 10.0.40219.1
Project("{FAE04EC0-301F-11D3-BF4B-00C04F79EFBC}") = "PB", "PB\PB.csproj", "{040345D3-7826-4848-9358-90B40312E872}"
EndProject
Global
	GlobalSection(SolutionConfigurationPlatforms) = preSolution
		Debug|Any CPU = Debug|Any CPU
		Release|Any CPU = Release|Any CPU
	EndGlobalSection
	GlobalSection(ProjectConfigurationPlatforms) = postSolution
		{040345D3-7826-4848-9358-90B40312E872}.Debug|Any CPU.ActiveCfg = Debug|Any CPU
		{040345D3-7826-4848-9358-90B40312E872}.Debug|Any CPU.Build.0 = Debug|Any CPU
		{040345D3-7826-4848-9358-90B40312E872}.Release|Any CPU.ActiveCfg = Release|Any CPU
		{040345D3-7826-4848-9358-90B40312E872}.Release|Any CPU.Build.0 = Release|Any CPU
	EndGlobalSection
	GlobalSection(SolutionProperties) = preSolution
		HideSolutionNode = FALSE
	EndGlobalSection
	GlobalSection(ExtensibilityGlobals) = postSolution
		SolutionGuid = {CC4BF745-A6B4-43C0-92F5-21610A8E6766}
	EndGlobalSection
EndGlobal
